
Microsoft Visual Studio Solution File, Format Version 12.00
# Visual Studio 2012
Project("{2150E333-8FDC-42A3-9474-1A3956D46DE8}") = "Samples", "Samples", "{E2C0FA39-FBE3-4AD9-AEEA-2BB3B318C8C9}"
EndProject
Project("{FAE04EC0-301F-11D3-BF4B-00C04F79EFBC}") = "PublishR", "PublishR\PublishR.csproj", "{6E7BBCE8-A804-45F6-A2B5-C2AF81A81458}"
EndProject
Project("{FAE04EC0-301F-11D3-BF4B-00C04F79EFBC}") = "PublishR.ServiceStack", "PublishR.ServiceStack\PublishR.ServiceStack.csproj", "{14635BAA-9D82-4373-A735-161B5009F61F}"
EndProject
Project("{2150E333-8FDC-42A3-9474-1A3956D46DE8}") = "Tests", "Tests", "{275671AE-A487-4AFB-8B99-4ABB3806446D}"
EndProject
Project("{2150E333-8FDC-42A3-9474-1A3956D46DE8}") = ".nuget", ".nuget", "{14B97D95-153B-441F-BC3E-3F8433762697}"
	ProjectSection(SolutionItems) = preProject
		.nuget\NuGet.Config = .nuget\NuGet.Config
		.nuget\NuGet.exe = .nuget\NuGet.exe
		.nuget\NuGet.targets = .nuget\NuGet.targets
	EndProjectSection
EndProject
Project("{2150E333-8FDC-42A3-9474-1A3956D46DE8}") = "Library", "Library", "{AC9461A5-99DA-4FA0-93CE-CFA6BB7A534E}"
EndProject
Project("{FAE04EC0-301F-11D3-BF4B-00C04F79EFBC}") = "PublishR.NancyFx", "PublishR.NancyFx\PublishR.NancyFx.csproj", "{40B7722A-D12F-4C94-A643-BDA5CAB16213}"
EndProject
Project("{FAE04EC0-301F-11D3-BF4B-00C04F79EFBC}") = "PublishR.Wcf", "PublishR.Wcf\PublishR.Wcf.csproj", "{C39361B9-47C7-4093-BEB1-AB595B7F879D}"
EndProject
Project("{FAE04EC0-301F-11D3-BF4B-00C04F79EFBC}") = "PublishR.Web", "PublishR.Web\PublishR.Web.csproj", "{B81CB60A-B558-4EF3-9B69-4E65FC54A3EF}"
EndProject
Project("{FAE04EC0-301F-11D3-BF4B-00C04F79EFBC}") = "PublishR.Test.Entities", "Testing\PublishR.Test.Entities\PublishR.Test.Entities.csproj", "{B70A760E-440D-4B71-B986-5BB3BCAFD952}"
EndProject
Project("{FAE04EC0-301F-11D3-BF4B-00C04F79EFBC}") = "PublishR.Test.RedisClients", "Testing\PublishR.Test.RedisClients\PublishR.Test.RedisClients.csproj", "{93B3B31F-519D-4206-9A86-4F29D0953251}"
EndProject
Project("{FAE04EC0-301F-11D3-BF4B-00C04F79EFBC}") = "PublishR.Sample.ProductService", "Samples\PublishR.Sample.ProductService\PublishR.Sample.ProductService.csproj", "{5F366081-60F8-4237-BCBA-B6C2A425CA3D}"
EndProject
Project("{FAE04EC0-301F-11D3-BF4B-00C04F79EFBC}") = "PublishR.Sample.MessageLibrary", "Samples\PublishR.Sample.MessageLibrary\PublishR.Sample.MessageLibrary.csproj", "{7C30969B-C3C9-4921-96A2-B2E3478F8471}"
EndProject
Project("{FAE04EC0-301F-11D3-BF4B-00C04F79EFBC}") = "PublishR.NancyFx.CCommerce", "Samples\PublishR.NancyFx.CCommerce\PublishR.NancyFx.CCommerce.csproj", "{98521FE0-90E5-45E3-B243-471E91DDBBDC}"
EndProject
Project("{FAE04EC0-301F-11D3-BF4B-00C04F79EFBC}") = "PublishR.Mvc.BCommerce", "Samples\PublishR.Mvc.BCommerce\PublishR.Mvc.BCommerce.csproj", "{619271D8-8068-472D-98B1-0503B689B799}"
EndProject
Project("{FAE04EC0-301F-11D3-BF4B-00C04F79EFBC}") = "PublishR.Mvc.ACommerce", "Samples\PublishR.Mvc.ACommerce\PublishR.Mvc.ACommerce.csproj", "{98EA8707-E0EF-4BEC-BA38-1A5F6760A96F}"
EndProject
Project("{FAE04EC0-301F-11D3-BF4B-00C04F79EFBC}") = "PublishR.Redis", "PublishR.Redis\PublishR.Redis.csproj", "{A8C1B94D-3584-48F3-B2C6-652E9F768555}"
EndProject
Project("{2150E333-8FDC-42A3-9474-1A3956D46DE8}") = "Server", "Server", "{43F09767-EE5B-433F-9ADF-5400762B7117}"
EndProject
Project("{FAE04EC0-301F-11D3-BF4B-00C04F79EFBC}") = "PunlishR.Server.Api", "PunlishR.Server.Api\PunlishR.Server.Api.csproj", "{8383CCFE-5442-4386-8BA3-89D30CF4B039}"
EndProject
Project("{2150E333-8FDC-42A3-9474-1A3956D46DE8}") = "Client", "Client", "{5875F8BE-F4A5-4E69-9576-6A29E170E4FB}"
EndProject
Project("{FAE04EC0-301F-11D3-BF4B-00C04F79EFBC}") = "PublishR.Client", "PublishR.Client\PublishR.Client.csproj", "{6184E4B4-BF4E-461F-A52E-90D544E754E8}"
EndProject
Global
	GlobalSection(SolutionConfigurationPlatforms) = preSolution
		Debug|Any CPU = Debug|Any CPU
		Release|Any CPU = Release|Any CPU
	EndGlobalSection
	GlobalSection(ProjectConfigurationPlatforms) = postSolution
		{6E7BBCE8-A804-45F6-A2B5-C2AF81A81458}.Debug|Any CPU.ActiveCfg = Debug|Any CPU
		{6E7BBCE8-A804-45F6-A2B5-C2AF81A81458}.Debug|Any CPU.Build.0 = Debug|Any CPU
		{6E7BBCE8-A804-45F6-A2B5-C2AF81A81458}.Release|Any CPU.ActiveCfg = Release|Any CPU
		{6E7BBCE8-A804-45F6-A2B5-C2AF81A81458}.Release|Any CPU.Build.0 = Release|Any CPU
		{14635BAA-9D82-4373-A735-161B5009F61F}.Debug|Any CPU.ActiveCfg = Debug|Any CPU
		{14635BAA-9D82-4373-A735-161B5009F61F}.Debug|Any CPU.Build.0 = Debug|Any CPU
		{14635BAA-9D82-4373-A735-161B5009F61F}.Release|Any CPU.ActiveCfg = Release|Any CPU
		{14635BAA-9D82-4373-A735-161B5009F61F}.Release|Any CPU.Build.0 = Release|Any CPU
		{40B7722A-D12F-4C94-A643-BDA5CAB16213}.Debug|Any CPU.ActiveCfg = Debug|Any CPU
		{40B7722A-D12F-4C94-A643-BDA5CAB16213}.Debug|Any CPU.Build.0 = Debug|Any CPU
		{40B7722A-D12F-4C94-A643-BDA5CAB16213}.Release|Any CPU.ActiveCfg = Release|Any CPU
		{40B7722A-D12F-4C94-A643-BDA5CAB16213}.Release|Any CPU.Build.0 = Release|Any CPU
		{C39361B9-47C7-4093-BEB1-AB595B7F879D}.Debug|Any CPU.ActiveCfg = Debug|Any CPU
		{C39361B9-47C7-4093-BEB1-AB595B7F879D}.Debug|Any CPU.Build.0 = Debug|Any CPU
		{C39361B9-47C7-4093-BEB1-AB595B7F879D}.Release|Any CPU.ActiveCfg = Release|Any CPU
		{C39361B9-47C7-4093-BEB1-AB595B7F879D}.Release|Any CPU.Build.0 = Release|Any CPU
		{B81CB60A-B558-4EF3-9B69-4E65FC54A3EF}.Debug|Any CPU.ActiveCfg = Debug|Any CPU
		{B81CB60A-B558-4EF3-9B69-4E65FC54A3EF}.Debug|Any CPU.Build.0 = Debug|Any CPU
		{B81CB60A-B558-4EF3-9B69-4E65FC54A3EF}.Release|Any CPU.ActiveCfg = Release|Any CPU
		{B81CB60A-B558-4EF3-9B69-4E65FC54A3EF}.Release|Any CPU.Build.0 = Release|Any CPU
		{B70A760E-440D-4B71-B986-5BB3BCAFD952}.Debug|Any CPU.ActiveCfg = Debug|Any CPU
		{B70A760E-440D-4B71-B986-5BB3BCAFD952}.Debug|Any CPU.Build.0 = Debug|Any CPU
		{B70A760E-440D-4B71-B986-5BB3BCAFD952}.Release|Any CPU.ActiveCfg = Release|Any CPU
		{B70A760E-440D-4B71-B986-5BB3BCAFD952}.Release|Any CPU.Build.0 = Release|Any CPU
		{93B3B31F-519D-4206-9A86-4F29D0953251}.Debug|Any CPU.ActiveCfg = Debug|Any CPU
		{93B3B31F-519D-4206-9A86-4F29D0953251}.Debug|Any CPU.Build.0 = Debug|Any CPU
		{93B3B31F-519D-4206-9A86-4F29D0953251}.Release|Any CPU.ActiveCfg = Release|Any CPU
		{93B3B31F-519D-4206-9A86-4F29D0953251}.Release|Any CPU.Build.0 = Release|Any CPU
		{5F366081-60F8-4237-BCBA-B6C2A425CA3D}.Debug|Any CPU.ActiveCfg = Debug|Any CPU
		{5F366081-60F8-4237-BCBA-B6C2A425CA3D}.Debug|Any CPU.Build.0 = Debug|Any CPU
		{5F366081-60F8-4237-BCBA-B6C2A425CA3D}.Release|Any CPU.ActiveCfg = Release|Any CPU
		{5F366081-60F8-4237-BCBA-B6C2A425CA3D}.Release|Any CPU.Build.0 = Release|Any CPU
		{7C30969B-C3C9-4921-96A2-B2E3478F8471}.Debug|Any CPU.ActiveCfg = Debug|Any CPU
		{7C30969B-C3C9-4921-96A2-B2E3478F8471}.Debug|Any CPU.Build.0 = Debug|Any CPU
		{7C30969B-C3C9-4921-96A2-B2E3478F8471}.Release|Any CPU.ActiveCfg = Release|Any CPU
		{7C30969B-C3C9-4921-96A2-B2E3478F8471}.Release|Any CPU.Build.0 = Release|Any CPU
		{98521FE0-90E5-45E3-B243-471E91DDBBDC}.Debug|Any CPU.ActiveCfg = Debug|Any CPU
		{98521FE0-90E5-45E3-B243-471E91DDBBDC}.Debug|Any CPU.Build.0 = Debug|Any CPU
		{98521FE0-90E5-45E3-B243-471E91DDBBDC}.Release|Any CPU.ActiveCfg = Release|Any CPU
		{98521FE0-90E5-45E3-B243-471E91DDBBDC}.Release|Any CPU.Build.0 = Release|Any CPU
		{619271D8-8068-472D-98B1-0503B689B799}.Debug|Any CPU.ActiveCfg = Debug|Any CPU
		{619271D8-8068-472D-98B1-0503B689B799}.Debug|Any CPU.Build.0 = Debug|Any CPU
		{619271D8-8068-472D-98B1-0503B689B799}.Release|Any CPU.ActiveCfg = Release|Any CPU
		{619271D8-8068-472D-98B1-0503B689B799}.Release|Any CPU.Build.0 = Release|Any CPU
		{98EA8707-E0EF-4BEC-BA38-1A5F6760A96F}.Debug|Any CPU.ActiveCfg = Debug|Any CPU
		{98EA8707-E0EF-4BEC-BA38-1A5F6760A96F}.Debug|Any CPU.Build.0 = Debug|Any CPU
		{98EA8707-E0EF-4BEC-BA38-1A5F6760A96F}.Release|Any CPU.ActiveCfg = Release|Any CPU
		{98EA8707-E0EF-4BEC-BA38-1A5F6760A96F}.Release|Any CPU.Build.0 = Release|Any CPU
		{A8C1B94D-3584-48F3-B2C6-652E9F768555}.Debug|Any CPU.ActiveCfg = Debug|Any CPU
		{A8C1B94D-3584-48F3-B2C6-652E9F768555}.Debug|Any CPU.Build.0 = Debug|Any CPU
		{A8C1B94D-3584-48F3-B2C6-652E9F768555}.Release|Any CPU.ActiveCfg = Release|Any CPU
		{A8C1B94D-3584-48F3-B2C6-652E9F768555}.Release|Any CPU.Build.0 = Release|Any CPU
		{8383CCFE-5442-4386-8BA3-89D30CF4B039}.Debug|Any CPU.ActiveCfg = Debug|Any CPU
		{8383CCFE-5442-4386-8BA3-89D30CF4B039}.Debug|Any CPU.Build.0 = Debug|Any CPU
		{8383CCFE-5442-4386-8BA3-89D30CF4B039}.Release|Any CPU.ActiveCfg = Release|Any CPU
		{8383CCFE-5442-4386-8BA3-89D30CF4B039}.Release|Any CPU.Build.0 = Release|Any CPU
		{6184E4B4-BF4E-461F-A52E-90D544E754E8}.Debug|Any CPU.ActiveCfg = Debug|Any CPU
		{6184E4B4-BF4E-461F-A52E-90D544E754E8}.Debug|Any CPU.Build.0 = Debug|Any CPU
		{6184E4B4-BF4E-461F-A52E-90D544E754E8}.Release|Any CPU.ActiveCfg = Release|Any CPU
		{6184E4B4-BF4E-461F-A52E-90D544E754E8}.Release|Any CPU.Build.0 = Release|Any CPU
	EndGlobalSection
	GlobalSection(SolutionProperties) = preSolution
		HideSolutionNode = FALSE
	EndGlobalSection
	GlobalSection(NestedProjects) = preSolution
		{5F366081-60F8-4237-BCBA-B6C2A425CA3D} = {E2C0FA39-FBE3-4AD9-AEEA-2BB3B318C8C9}
		{7C30969B-C3C9-4921-96A2-B2E3478F8471} = {E2C0FA39-FBE3-4AD9-AEEA-2BB3B318C8C9}
		{98521FE0-90E5-45E3-B243-471E91DDBBDC} = {E2C0FA39-FBE3-4AD9-AEEA-2BB3B318C8C9}
		{619271D8-8068-472D-98B1-0503B689B799} = {E2C0FA39-FBE3-4AD9-AEEA-2BB3B318C8C9}
		{98EA8707-E0EF-4BEC-BA38-1A5F6760A96F} = {E2C0FA39-FBE3-4AD9-AEEA-2BB3B318C8C9}
		{14635BAA-9D82-4373-A735-161B5009F61F} = {AC9461A5-99DA-4FA0-93CE-CFA6BB7A534E}
		{6E7BBCE8-A804-45F6-A2B5-C2AF81A81458} = {AC9461A5-99DA-4FA0-93CE-CFA6BB7A534E}
		{40B7722A-D12F-4C94-A643-BDA5CAB16213} = {AC9461A5-99DA-4FA0-93CE-CFA6BB7A534E}
		{C39361B9-47C7-4093-BEB1-AB595B7F879D} = {AC9461A5-99DA-4FA0-93CE-CFA6BB7A534E}
		{B81CB60A-B558-4EF3-9B69-4E65FC54A3EF} = {AC9461A5-99DA-4FA0-93CE-CFA6BB7A534E}
		{A8C1B94D-3584-48F3-B2C6-652E9F768555} = {AC9461A5-99DA-4FA0-93CE-CFA6BB7A534E}
		{B70A760E-440D-4B71-B986-5BB3BCAFD952} = {275671AE-A487-4AFB-8B99-4ABB3806446D}
		{93B3B31F-519D-4206-9A86-4F29D0953251} = {275671AE-A487-4AFB-8B99-4ABB3806446D}
		{8383CCFE-5442-4386-8BA3-89D30CF4B039} = {43F09767-EE5B-433F-9ADF-5400762B7117}
		{6184E4B4-BF4E-461F-A52E-90D544E754E8} = {5875F8BE-F4A5-4E69-9576-6A29E170E4FB}
	EndGlobalSection
EndGlobal
